
Microsoft Visual Studio Solution File, Format Version 12.00
# Visual Studio Version 16
VisualStudioVersion = 16.0.30413.136
MinimumVisualStudioVersion = 10.0.40219.1
Project("{FAE04EC0-301F-11D3-BF4B-00C04F79EFBC}") = "ObligatoriskOpg6Client", "ObligatoriskOpg6Client\ObligatoriskOpg6Client.csproj", "{04C1C987-D4AF-48B3-A830-569C2649BCDB}"
EndProject
Global
	GlobalSection(SolutionConfigurationPlatforms) = preSolution
		Debug|Any CPU = Debug|Any CPU
		Release|Any CPU = Release|Any CPU
	EndGlobalSection
	GlobalSection(ProjectConfigurationPlatforms) = postSolution
		{04C1C987-D4AF-48B3-A830-569C2649BCDB}.Debug|Any CPU.ActiveCfg = Debug|Any CPU
		{04C1C987-D4AF-48B3-A830-569C2649BCDB}.Debug|Any CPU.Build.0 = Debug|Any CPU
		{04C1C987-D4AF-48B3-A830-569C2649BCDB}.Release|Any CPU.ActiveCfg = Release|Any CPU
		{04C1C987-D4AF-48B3-A830-569C2649BCDB}.Release|Any CPU.Build.0 = Release|Any CPU
	EndGlobalSection
	GlobalSection(SolutionProperties) = preSolution
		HideSolutionNode = FALSE
	EndGlobalSection
	GlobalSection(ExtensibilityGlobals) = postSolution
		SolutionGuid = {BE978219-1983-47AE-B492-237281FDD96E}
	EndGlobalSection
EndGlobal
